
Microsoft Visual Studio Solution File, Format Version 12.00
# Visual Studio Version 16
VisualStudioVersion = 16.0.30128.74
MinimumVisualStudioVersion = 10.0.40219.1
Project("{FAE04EC0-301F-11D3-BF4B-00C04F79EFBC}") = "KARYA.Core", "KARYA.Core\KARYA.Core.csproj", "{A346A958-FE08-426B-BB46-2DEB936488CF}"
EndProject
Project("{FAE04EC0-301F-11D3-BF4B-00C04F79EFBC}") = "KARYA.HanelApp.UI.Win", "KARYA.UI.Win.HanelApp\KARYA.HanelApp.UI.Win.csproj", "{2EE9D3CA-9896-4471-AA6F-65E47426F0EA}"
EndProject
Project("{FAE04EC0-301F-11D3-BF4B-00C04F79EFBC}") = "KARYA.HanelApp.Common", "KARYA.HanelApp.Common\KARYA.HanelApp.Common.csproj", "{272DC58A-BCF7-4BF4-BA9D-9A925CA050B5}"
EndProject
Global
	GlobalSection(SolutionConfigurationPlatforms) = preSolution
		Debug|Any CPU = Debug|Any CPU
		Release|Any CPU = Release|Any CPU
	EndGlobalSection
	GlobalSection(ProjectConfigurationPlatforms) = postSolution
		{A346A958-FE08-426B-BB46-2DEB936488CF}.Debug|Any CPU.ActiveCfg = Debug|Any CPU
		{A346A958-FE08-426B-BB46-2DEB936488CF}.Debug|Any CPU.Build.0 = Debug|Any CPU
		{A346A958-FE08-426B-BB46-2DEB936488CF}.Release|Any CPU.ActiveCfg = Release|Any CPU
		{A346A958-FE08-426B-BB46-2DEB936488CF}.Release|Any CPU.Build.0 = Release|Any CPU
		{2EE9D3CA-9896-4471-AA6F-65E47426F0EA}.Debug|Any CPU.ActiveCfg = Debug|Any CPU
		{2EE9D3CA-9896-4471-AA6F-65E47426F0EA}.Debug|Any CPU.Build.0 = Debug|Any CPU
		{2EE9D3CA-9896-4471-AA6F-65E47426F0EA}.Release|Any CPU.ActiveCfg = Release|Any CPU
		{2EE9D3CA-9896-4471-AA6F-65E47426F0EA}.Release|Any CPU.Build.0 = Release|Any CPU
		{272DC58A-BCF7-4BF4-BA9D-9A925CA050B5}.Debug|Any CPU.ActiveCfg = Debug|Any CPU
		{272DC58A-BCF7-4BF4-BA9D-9A925CA050B5}.Debug|Any CPU.Build.0 = Debug|Any CPU
		{272DC58A-BCF7-4BF4-BA9D-9A925CA050B5}.Release|Any CPU.ActiveCfg = Release|Any CPU
		{272DC58A-BCF7-4BF4-BA9D-9A925CA050B5}.Release|Any CPU.Build.0 = Release|Any CPU
	EndGlobalSection
	GlobalSection(SolutionProperties) = preSolution
		HideSolutionNode = FALSE
	EndGlobalSection
	GlobalSection(ExtensibilityGlobals) = postSolution
		SolutionGuid = {EA4B25B3-42A8-45FB-BF7F-7945A5F62340}
	EndGlobalSection
EndGlobal
