
Microsoft Visual Studio Solution File, Format Version 12.00
# Visual Studio Version 16
VisualStudioVersion = 16.0.30907.101
MinimumVisualStudioVersion = 10.0.40219.1
Project("{9A19103F-16F7-4668-BE54-9A1E7A4F7556}") = "KARYA.CORE", "KARYA.CORE\KARYA.CORE.csproj", "{6597B729-2E43-4626-9B9D-12C89E0AEED2}"
EndProject
Project("{2150E333-8FDC-42A3-9474-1A3956D46DE8}") = "00-CORE", "00-CORE", "{2DDCE42A-9696-40B0-BCE1-6F2DA4C0A639}"
EndProject
Project("{9A19103F-16F7-4668-BE54-9A1E7A4F7556}") = "KARYA.MODEL", "KARYA.MODEL\KARYA.MODEL.csproj", "{0681D7E1-6787-4BCD-9B97-134321138D06}"
EndProject
Project("{9A19103F-16F7-4668-BE54-9A1E7A4F7556}") = "KARYA.COMMON", "KARYA.COMMON\KARYA.COMMON.csproj", "{B3328E75-2310-4DE8-B1B5-78EBACE4A0BB}"
EndProject
Project("{9A19103F-16F7-4668-BE54-9A1E7A4F7556}") = "KARYA.DATAACCESS", "KARYA.DATAACCESS\KARYA.DATAACCESS.csproj", "{51C9B0AD-DC91-42AE-9AD9-CD3354EA46AA}"
EndProject
Project("{9A19103F-16F7-4668-BE54-9A1E7A4F7556}") = "KARYA.BUSINESS", "KARYA.BUSINESS\KARYA.BUSINESS.csproj", "{39E8E81A-4320-4BED-9BC9-68118F217468}"
EndProject
Project("{2150E333-8FDC-42A3-9474-1A3956D46DE8}") = "10-HANEL", "10-HANEL", "{7C50DDA5-1104-4565-9330-FC2DA50FB40F}"
EndProject
Project("{9A19103F-16F7-4668-BE54-9A1E7A4F7556}") = "HANEL.MODEL", "HANEL.MODEL\HANEL.MODEL.csproj", "{E4C10BEF-EA05-44B7-8F70-A070050E4185}"
EndProject
Project("{9A19103F-16F7-4668-BE54-9A1E7A4F7556}") = "HANEL.DATAACCESS", "HANEL.DATAACCESS\HANEL.DATAACCESS.csproj", "{A0339851-1DAA-404F-BFC5-11D8B5A389EE}"
EndProject
Project("{9A19103F-16F7-4668-BE54-9A1E7A4F7556}") = "HANEL.BUSINESS", "HANEL.BUSINESS\HANEL.BUSINESS.csproj", "{E343326D-C556-4128-B5BE-0D16B47B589F}"
EndProject
Project("{9A19103F-16F7-4668-BE54-9A1E7A4F7556}") = "HANEL.COM.INVOICE_SERVICE", "HANEL.COM.INVOICE_SERVICE\HANEL.COM.INVOICE_SERVICE.csproj", "{EAACDA4E-78B3-4288-8F69-8D0FBF704EEC}"
EndProject
Project("{9A19103F-16F7-4668-BE54-9A1E7A4F7556}") = "HANEL.API.REST", "HANEL.API.REST\HANEL.API.REST.csproj", "{3A102F62-4442-4BA5-B37D-0A56A0B3FDEF}"
EndProject
Project("{9A19103F-16F7-4668-BE54-9A1E7A4F7556}") = "KARYA.CORE.API", "KARYA.CORE.API\KARYA.CORE.API.csproj", "{22515A26-0085-4900-89BF-BC38808EA1C9}"
EndProject
Project("{2150E333-8FDC-42A3-9474-1A3956D46DE8}") = "20-SAHIZA", "20-SAHIZA", "{6C634FDF-5BC8-46EB-B374-0D93D03B371E}"
EndProject
Project("{9A19103F-16F7-4668-BE54-9A1E7A4F7556}") = "SAHIZA.BUSINESS", "SAHIZA.BUSINESS\SAHIZA.BUSINESS.csproj", "{294A2EF7-D5C8-45A8-A2CD-CD3F21C4E8D0}"
EndProject
Project("{9A19103F-16F7-4668-BE54-9A1E7A4F7556}") = "SAHIZA.DATAACCESS", "SAHIZA.DATAACCESS\SAHIZA.DATAACCESS.csproj", "{BD3A4B71-DCDF-4E6D-BD5A-CB36534572D0}"
EndProject
Project("{9A19103F-16F7-4668-BE54-9A1E7A4F7556}") = "SAHIZA.MODEL", "SAHIZA.MODEL\SAHIZA.MODEL.csproj", "{818FC626-1D7B-4D16-9892-D47B10E8DBF7}"
EndProject
Project("{9A19103F-16F7-4668-BE54-9A1E7A4F7556}") = "SAHIZA.WEB.MVC", "SAHIZA.WEB.MVC\SAHIZA.WEB.MVC.csproj", "{F27B288D-7729-4E8B-837D-A7D930105358}"
EndProject
Project("{9A19103F-16F7-4668-BE54-9A1E7A4F7556}") = "HANEL.SERVICE.EINVOICE", "HANEL.SERVICE.EINVOICE\HANEL.SERVICE.EINVOICE.csproj", "{705BA53A-3F7C-4F2F-867C-4E4F26EB21C9}"
EndProject
Project("{9A19103F-16F7-4668-BE54-9A1E7A4F7556}") = "HANEL.TEST.APP", "HANEL.TEST.APP\HANEL.TEST.APP.csproj", "{4FDDA5BF-BF78-4B85-B089-06B45244021C}"
EndProject
Project("{9A19103F-16F7-4668-BE54-9A1E7A4F7556}") = "HANEL.APP.CONSOLE", "HANEL.APP.CONSOLE\HANEL.APP.CONSOLE.csproj", "{58245BE1-D2A3-4459-96FA-D1462AC4D735}"
EndProject
Project("{9A19103F-16F7-4668-BE54-9A1E7A4F7556}") = "HANEL.APP.CONSOLE.INVOICE", "HANEL.APP.CONSOLE.INVOICE\HANEL.APP.CONSOLE.INVOICE.csproj", "{00FB85BA-94B7-4960-A878-6DE036A830AA}"
EndProject
Project("{9A19103F-16F7-4668-BE54-9A1E7A4F7556}") = "HANEL.WEB.REPORT", "HANEL.WEB.REPORT\HANEL.WEB.REPORT.csproj", "{E74C4FF7-A489-433A-BE7B-6C0C768E5850}"
EndProject
Project("{9A19103F-16F7-4668-BE54-9A1E7A4F7556}") = "HANEL.API.REST.DASHBOARD", "HANEL.API.REST.DASHBOARD\HANEL.API.REST.DASHBOARD.csproj", "{B1F0D768-E831-4130-80DD-4573E03EC37E}"
EndProject
Global
	GlobalSection(SolutionConfigurationPlatforms) = preSolution
		Debug|Any CPU = Debug|Any CPU
		Release|Any CPU = Release|Any CPU
	EndGlobalSection
	GlobalSection(ProjectConfigurationPlatforms) = postSolution
		{6597B729-2E43-4626-9B9D-12C89E0AEED2}.Debug|Any CPU.ActiveCfg = Debug|Any CPU
		{6597B729-2E43-4626-9B9D-12C89E0AEED2}.Debug|Any CPU.Build.0 = Debug|Any CPU
		{6597B729-2E43-4626-9B9D-12C89E0AEED2}.Release|Any CPU.ActiveCfg = Release|Any CPU
		{6597B729-2E43-4626-9B9D-12C89E0AEED2}.Release|Any CPU.Build.0 = Release|Any CPU
		{0681D7E1-6787-4BCD-9B97-134321138D06}.Debug|Any CPU.ActiveCfg = Debug|Any CPU
		{0681D7E1-6787-4BCD-9B97-134321138D06}.Debug|Any CPU.Build.0 = Debug|Any CPU
		{0681D7E1-6787-4BCD-9B97-134321138D06}.Release|Any CPU.ActiveCfg = Release|Any CPU
		{0681D7E1-6787-4BCD-9B97-134321138D06}.Release|Any CPU.Build.0 = Release|Any CPU
		{B3328E75-2310-4DE8-B1B5-78EBACE4A0BB}.Debug|Any CPU.ActiveCfg = Debug|Any CPU
		{B3328E75-2310-4DE8-B1B5-78EBACE4A0BB}.Debug|Any CPU.Build.0 = Debug|Any CPU
		{B3328E75-2310-4DE8-B1B5-78EBACE4A0BB}.Release|Any CPU.ActiveCfg = Release|Any CPU
		{B3328E75-2310-4DE8-B1B5-78EBACE4A0BB}.Release|Any CPU.Build.0 = Release|Any CPU
		{51C9B0AD-DC91-42AE-9AD9-CD3354EA46AA}.Debug|Any CPU.ActiveCfg = Debug|Any CPU
		{51C9B0AD-DC91-42AE-9AD9-CD3354EA46AA}.Debug|Any CPU.Build.0 = Debug|Any CPU
		{51C9B0AD-DC91-42AE-9AD9-CD3354EA46AA}.Release|Any CPU.ActiveCfg = Release|Any CPU
		{51C9B0AD-DC91-42AE-9AD9-CD3354EA46AA}.Release|Any CPU.Build.0 = Release|Any CPU
		{39E8E81A-4320-4BED-9BC9-68118F217468}.Debug|Any CPU.ActiveCfg = Debug|Any CPU
		{39E8E81A-4320-4BED-9BC9-68118F217468}.Debug|Any CPU.Build.0 = Debug|Any CPU
		{39E8E81A-4320-4BED-9BC9-68118F217468}.Release|Any CPU.ActiveCfg = Release|Any CPU
		{39E8E81A-4320-4BED-9BC9-68118F217468}.Release|Any CPU.Build.0 = Release|Any CPU
		{E4C10BEF-EA05-44B7-8F70-A070050E4185}.Debug|Any CPU.ActiveCfg = Debug|Any CPU
		{E4C10BEF-EA05-44B7-8F70-A070050E4185}.Debug|Any CPU.Build.0 = Debug|Any CPU
		{E4C10BEF-EA05-44B7-8F70-A070050E4185}.Release|Any CPU.ActiveCfg = Release|Any CPU
		{E4C10BEF-EA05-44B7-8F70-A070050E4185}.Release|Any CPU.Build.0 = Release|Any CPU
		{A0339851-1DAA-404F-BFC5-11D8B5A389EE}.Debug|Any CPU.ActiveCfg = Debug|Any CPU
		{A0339851-1DAA-404F-BFC5-11D8B5A389EE}.Debug|Any CPU.Build.0 = Debug|Any CPU
		{A0339851-1DAA-404F-BFC5-11D8B5A389EE}.Release|Any CPU.ActiveCfg = Release|Any CPU
		{A0339851-1DAA-404F-BFC5-11D8B5A389EE}.Release|Any CPU.Build.0 = Release|Any CPU
		{E343326D-C556-4128-B5BE-0D16B47B589F}.Debug|Any CPU.ActiveCfg = Debug|Any CPU
		{E343326D-C556-4128-B5BE-0D16B47B589F}.Debug|Any CPU.Build.0 = Debug|Any CPU
		{E343326D-C556-4128-B5BE-0D16B47B589F}.Release|Any CPU.ActiveCfg = Release|Any CPU
		{E343326D-C556-4128-B5BE-0D16B47B589F}.Release|Any CPU.Build.0 = Release|Any CPU
		{EAACDA4E-78B3-4288-8F69-8D0FBF704EEC}.Debug|Any CPU.ActiveCfg = Debug|Any CPU
		{EAACDA4E-78B3-4288-8F69-8D0FBF704EEC}.Debug|Any CPU.Build.0 = Debug|Any CPU
		{EAACDA4E-78B3-4288-8F69-8D0FBF704EEC}.Release|Any CPU.ActiveCfg = Release|Any CPU
		{EAACDA4E-78B3-4288-8F69-8D0FBF704EEC}.Release|Any CPU.Build.0 = Release|Any CPU
		{3A102F62-4442-4BA5-B37D-0A56A0B3FDEF}.Debug|Any CPU.ActiveCfg = Debug|Any CPU
		{3A102F62-4442-4BA5-B37D-0A56A0B3FDEF}.Debug|Any CPU.Build.0 = Debug|Any CPU
		{3A102F62-4442-4BA5-B37D-0A56A0B3FDEF}.Release|Any CPU.ActiveCfg = Release|Any CPU
		{3A102F62-4442-4BA5-B37D-0A56A0B3FDEF}.Release|Any CPU.Build.0 = Release|Any CPU
		{22515A26-0085-4900-89BF-BC38808EA1C9}.Debug|Any CPU.ActiveCfg = Debug|Any CPU
		{22515A26-0085-4900-89BF-BC38808EA1C9}.Debug|Any CPU.Build.0 = Debug|Any CPU
		{22515A26-0085-4900-89BF-BC38808EA1C9}.Release|Any CPU.ActiveCfg = Release|Any CPU
		{22515A26-0085-4900-89BF-BC38808EA1C9}.Release|Any CPU.Build.0 = Release|Any CPU
		{294A2EF7-D5C8-45A8-A2CD-CD3F21C4E8D0}.Debug|Any CPU.ActiveCfg = Debug|Any CPU
		{294A2EF7-D5C8-45A8-A2CD-CD3F21C4E8D0}.Debug|Any CPU.Build.0 = Debug|Any CPU
		{294A2EF7-D5C8-45A8-A2CD-CD3F21C4E8D0}.Release|Any CPU.ActiveCfg = Release|Any CPU
		{294A2EF7-D5C8-45A8-A2CD-CD3F21C4E8D0}.Release|Any CPU.Build.0 = Release|Any CPU
		{BD3A4B71-DCDF-4E6D-BD5A-CB36534572D0}.Debug|Any CPU.ActiveCfg = Debug|Any CPU
		{BD3A4B71-DCDF-4E6D-BD5A-CB36534572D0}.Debug|Any CPU.Build.0 = Debug|Any CPU
		{BD3A4B71-DCDF-4E6D-BD5A-CB36534572D0}.Release|Any CPU.ActiveCfg = Release|Any CPU
		{BD3A4B71-DCDF-4E6D-BD5A-CB36534572D0}.Release|Any CPU.Build.0 = Release|Any CPU
		{818FC626-1D7B-4D16-9892-D47B10E8DBF7}.Debug|Any CPU.ActiveCfg = Debug|Any CPU
		{818FC626-1D7B-4D16-9892-D47B10E8DBF7}.Debug|Any CPU.Build.0 = Debug|Any CPU
		{818FC626-1D7B-4D16-9892-D47B10E8DBF7}.Release|Any CPU.ActiveCfg = Release|Any CPU
		{818FC626-1D7B-4D16-9892-D47B10E8DBF7}.Release|Any CPU.Build.0 = Release|Any CPU
		{F27B288D-7729-4E8B-837D-A7D930105358}.Debug|Any CPU.ActiveCfg = Debug|Any CPU
		{F27B288D-7729-4E8B-837D-A7D930105358}.Debug|Any CPU.Build.0 = Debug|Any CPU
		{F27B288D-7729-4E8B-837D-A7D930105358}.Release|Any CPU.ActiveCfg = Release|Any CPU
		{F27B288D-7729-4E8B-837D-A7D930105358}.Release|Any CPU.Build.0 = Release|Any CPU
		{705BA53A-3F7C-4F2F-867C-4E4F26EB21C9}.Debug|Any CPU.ActiveCfg = Debug|Any CPU
		{705BA53A-3F7C-4F2F-867C-4E4F26EB21C9}.Debug|Any CPU.Build.0 = Debug|Any CPU
		{705BA53A-3F7C-4F2F-867C-4E4F26EB21C9}.Release|Any CPU.ActiveCfg = Release|Any CPU
		{705BA53A-3F7C-4F2F-867C-4E4F26EB21C9}.Release|Any CPU.Build.0 = Release|Any CPU
		{4FDDA5BF-BF78-4B85-B089-06B45244021C}.Debug|Any CPU.ActiveCfg = Debug|Any CPU
		{4FDDA5BF-BF78-4B85-B089-06B45244021C}.Debug|Any CPU.Build.0 = Debug|Any CPU
		{4FDDA5BF-BF78-4B85-B089-06B45244021C}.Release|Any CPU.ActiveCfg = Release|Any CPU
		{4FDDA5BF-BF78-4B85-B089-06B45244021C}.Release|Any CPU.Build.0 = Release|Any CPU
		{58245BE1-D2A3-4459-96FA-D1462AC4D735}.Debug|Any CPU.ActiveCfg = Debug|Any CPU
		{58245BE1-D2A3-4459-96FA-D1462AC4D735}.Debug|Any CPU.Build.0 = Debug|Any CPU
		{58245BE1-D2A3-4459-96FA-D1462AC4D735}.Release|Any CPU.ActiveCfg = Release|Any CPU
		{58245BE1-D2A3-4459-96FA-D1462AC4D735}.Release|Any CPU.Build.0 = Release|Any CPU
		{00FB85BA-94B7-4960-A878-6DE036A830AA}.Debug|Any CPU.ActiveCfg = Debug|Any CPU
		{00FB85BA-94B7-4960-A878-6DE036A830AA}.Debug|Any CPU.Build.0 = Debug|Any CPU
		{00FB85BA-94B7-4960-A878-6DE036A830AA}.Release|Any CPU.ActiveCfg = Release|Any CPU
		{00FB85BA-94B7-4960-A878-6DE036A830AA}.Release|Any CPU.Build.0 = Release|Any CPU
		{E74C4FF7-A489-433A-BE7B-6C0C768E5850}.Debug|Any CPU.ActiveCfg = Debug|Any CPU
		{E74C4FF7-A489-433A-BE7B-6C0C768E5850}.Debug|Any CPU.Build.0 = Debug|Any CPU
		{E74C4FF7-A489-433A-BE7B-6C0C768E5850}.Release|Any CPU.ActiveCfg = Release|Any CPU
		{E74C4FF7-A489-433A-BE7B-6C0C768E5850}.Release|Any CPU.Build.0 = Release|Any CPU
		{B1F0D768-E831-4130-80DD-4573E03EC37E}.Debug|Any CPU.ActiveCfg = Debug|Any CPU
		{B1F0D768-E831-4130-80DD-4573E03EC37E}.Debug|Any CPU.Build.0 = Debug|Any CPU
		{B1F0D768-E831-4130-80DD-4573E03EC37E}.Release|Any CPU.ActiveCfg = Release|Any CPU
		{B1F0D768-E831-4130-80DD-4573E03EC37E}.Release|Any CPU.Build.0 = Release|Any CPU
	EndGlobalSection
	GlobalSection(SolutionProperties) = preSolution
		HideSolutionNode = FALSE
	EndGlobalSection
	GlobalSection(NestedProjects) = preSolution
		{6597B729-2E43-4626-9B9D-12C89E0AEED2} = {2DDCE42A-9696-40B0-BCE1-6F2DA4C0A639}
		{0681D7E1-6787-4BCD-9B97-134321138D06} = {2DDCE42A-9696-40B0-BCE1-6F2DA4C0A639}
		{B3328E75-2310-4DE8-B1B5-78EBACE4A0BB} = {2DDCE42A-9696-40B0-BCE1-6F2DA4C0A639}
		{51C9B0AD-DC91-42AE-9AD9-CD3354EA46AA} = {2DDCE42A-9696-40B0-BCE1-6F2DA4C0A639}
		{39E8E81A-4320-4BED-9BC9-68118F217468} = {2DDCE42A-9696-40B0-BCE1-6F2DA4C0A639}
		{E4C10BEF-EA05-44B7-8F70-A070050E4185} = {7C50DDA5-1104-4565-9330-FC2DA50FB40F}
		{A0339851-1DAA-404F-BFC5-11D8B5A389EE} = {7C50DDA5-1104-4565-9330-FC2DA50FB40F}
		{E343326D-C556-4128-B5BE-0D16B47B589F} = {7C50DDA5-1104-4565-9330-FC2DA50FB40F}
		{EAACDA4E-78B3-4288-8F69-8D0FBF704EEC} = {7C50DDA5-1104-4565-9330-FC2DA50FB40F}
		{3A102F62-4442-4BA5-B37D-0A56A0B3FDEF} = {7C50DDA5-1104-4565-9330-FC2DA50FB40F}
		{22515A26-0085-4900-89BF-BC38808EA1C9} = {2DDCE42A-9696-40B0-BCE1-6F2DA4C0A639}
		{294A2EF7-D5C8-45A8-A2CD-CD3F21C4E8D0} = {6C634FDF-5BC8-46EB-B374-0D93D03B371E}
		{BD3A4B71-DCDF-4E6D-BD5A-CB36534572D0} = {6C634FDF-5BC8-46EB-B374-0D93D03B371E}
		{818FC626-1D7B-4D16-9892-D47B10E8DBF7} = {6C634FDF-5BC8-46EB-B374-0D93D03B371E}
		{F27B288D-7729-4E8B-837D-A7D930105358} = {6C634FDF-5BC8-46EB-B374-0D93D03B371E}
		{705BA53A-3F7C-4F2F-867C-4E4F26EB21C9} = {7C50DDA5-1104-4565-9330-FC2DA50FB40F}
		{4FDDA5BF-BF78-4B85-B089-06B45244021C} = {7C50DDA5-1104-4565-9330-FC2DA50FB40F}
		{58245BE1-D2A3-4459-96FA-D1462AC4D735} = {7C50DDA5-1104-4565-9330-FC2DA50FB40F}
		{00FB85BA-94B7-4960-A878-6DE036A830AA} = {7C50DDA5-1104-4565-9330-FC2DA50FB40F}
		{E74C4FF7-A489-433A-BE7B-6C0C768E5850} = {7C50DDA5-1104-4565-9330-FC2DA50FB40F}
		{B1F0D768-E831-4130-80DD-4573E03EC37E} = {7C50DDA5-1104-4565-9330-FC2DA50FB40F}
	EndGlobalSection
	GlobalSection(ExtensibilityGlobals) = postSolution
		SolutionGuid = {DC1CF911-F160-4B74-B27B-A93E20E8E644}
	EndGlobalSection
EndGlobal
